
Microsoft Visual Studio Solution File, Format Version 9.00
# Visual Studio 2005
Project("{FAE04EC0-301F-11D3-BF4B-00C04F79EFBC}") = "TCPRedirect", "TCPRedirect.csproj", "{271653D1-3E42-4CE1-943C-34F7F7458D6F}"
EndProject
Global
	GlobalSection(SolutionConfigurationPlatforms) = preSolution
		Debug|Any CPU = Debug|Any CPU
		Release|Any CPU = Release|Any CPU
	EndGlobalSection
	GlobalSection(ProjectConfigurationPlatforms) = postSolution
		{271653D1-3E42-4CE1-943C-34F7F7458D6F}.Debug|Any CPU.ActiveCfg = Debug|Any CPU
		{271653D1-3E42-4CE1-943C-34F7F7458D6F}.Debug|Any CPU.Build.0 = Debug|Any CPU
		{271653D1-3E42-4CE1-943C-34F7F7458D6F}.Release|Any CPU.ActiveCfg = Release|Any CPU
		{271653D1-3E42-4CE1-943C-34F7F7458D6F}.Release|Any CPU.Build.0 = Release|Any CPU
	EndGlobalSection
	GlobalSection(MonoDevelopProperties) = preSolution
		StartupItem = TCPRedirect.csproj
	EndGlobalSection
EndGlobal
